// !$*UTF8*$!
{
	archiveVersion = 1;
	classes = {
	};
	objectVersion = 50;
	objects = {

/* Begin PBXBuildFile section */
		DC6193D82454717C00845FC7 /* AppDelegate.swift in Sources */ = {isa = PBXBuildFile; fileRef = DC6193D72454717C00845FC7 /* AppDelegate.swift */; };
		DC6193DA2454717C00845FC7 /* SceneDelegate.swift in Sources */ = {isa = PBXBuildFile; fileRef = DC6193D92454717C00845FC7 /* SceneDelegate.swift */; };
		DC6193DC2454717C00845FC7 /* FlagsViewController.swift in Sources */ = {isa = PBXBuildFile; fileRef = DC6193DB2454717C00845FC7 /* FlagsViewController.swift */; };
		DC6193DF2454717C00845FC7 /* Main.storyboard in Resources */ = {isa = PBXBuildFile; fileRef = DC6193DD2454717C00845FC7 /* Main.storyboard */; };
		DC6193E12454718000845FC7 /* Assets.xcassets in Resources */ = {isa = PBXBuildFile; fileRef = DC6193E02454718000845FC7 /* Assets.xcassets */; };
		DC6193E42454718000845FC7 /* LaunchScreen.storyboard in Resources */ = {isa = PBXBuildFile; fileRef = DC6193E22454718000845FC7 /* LaunchScreen.storyboard */; };
		DC6193ED245471B700845FC7 /* SwiftFlags.swift in Sources */ = {isa = PBXBuildFile; fileRef = DC6193EC245471B700845FC7 /* SwiftFlags.swift */; };
/* End PBXBuildFile section */

/* Begin PBXFileReference section */
		DC6193D42454717C00845FC7 /* SwiftFlags.app */ = {isa = PBXFileReference; explicitFileType = wrapper.application; includeInIndex = 0; path = SwiftFlags.app; sourceTree = BUILT_PRODUCTS_DIR; };
		DC6193D72454717C00845FC7 /* AppDelegate.swift */ = {isa = PBXFileReference; lastKnownFileType = sourcecode.swift; path = AppDelegate.swift; sourceTree = "<group>"; };
		DC6193D92454717C00845FC7 /* SceneDelegate.swift */ = {isa = PBXFileReference; lastKnownFileType = sourcecode.swift; path = SceneDelegate.swift; sourceTree = "<group>"; };
		DC6193DB2454717C00845FC7 /* FlagsViewController.swift */ = {isa = PBXFileReference; lastKnownFileType = sourcecode.swift; path = FlagsViewController.swift; sourceTree = "<group>"; };
		DC6193DE2454717C00845FC7 /* Base */ = {isa = PBXFileReference; lastKnownFileType = file.storyboard; name = Base; path = Base.lproj/Main.storyboard; sourceTree = "<group>"; };
		DC6193E02454718000845FC7 /* Assets.xcassets */ = {isa = PBXFileReference; lastKnownFileType = folder.assetcatalog; path = Assets.xcassets; sourceTree = "<group>"; };
		DC6193E32454718000845FC7 /* Base */ = {isa = PBXFileReference; lastKnownFileType = file.storyboard; name = Base; path = Base.lproj/LaunchScreen.storyboard; sourceTree = "<group>"; };
		DC6193E52454718000845FC7 /* Info.plist */ = {isa = PBXFileReference; lastKnownFileType = text.plist.xml; path = Info.plist; sourceTree = "<group>"; };
		DC6193EC245471B700845FC7 /* SwiftFlags.swift */ = {isa = PBXFileReference; lastKnownFileType = sourcecode.swift; path = SwiftFlags.swift; sourceTree = "<group>"; };
/* End PBXFileReference section */

/* Begin PBXFrameworksBuildPhase section */
		DC6193D12454717C00845FC7 /* Frameworks */ = {
			isa = PBXFrameworksBuildPhase;
			buildActionMask = 2147483647;
			files = (
			);
			runOnlyForDeploymentPostprocessing = 0;
		};
/* End PBXFrameworksBuildPhase section */

/* Begin PBXGroup section */
		DC6193CB2454717C00845FC7 = {
			isa = PBXGroup;
			children = (
				DC6193EB245471A200845FC7 /* Sources */,
				DC6193D62454717C00845FC7 /* SwiftFlags */,
				DC6193D52454717C00845FC7 /* Products */,
			);
			sourceTree = "<group>";
		};
		DC6193D52454717C00845FC7 /* Products */ = {
			isa = PBXGroup;
			children = (
				DC6193D42454717C00845FC7 /* SwiftFlags.app */,
			);
			name = Products;
			sourceTree = "<group>";
		};
		DC6193D62454717C00845FC7 /* SwiftFlags */ = {
			isa = PBXGroup;
			children = (
				DC6193D72454717C00845FC7 /* AppDelegate.swift */,
				DC6193D92454717C00845FC7 /* SceneDelegate.swift */,
				DC6193DB2454717C00845FC7 /* FlagsViewController.swift */,
				DC6193DD2454717C00845FC7 /* Main.storyboard */,
				DC6193E02454718000845FC7 /* Assets.xcassets */,
				DC6193E22454718000845FC7 /* LaunchScreen.storyboard */,
				DC6193E52454718000845FC7 /* Info.plist */,
			);
			path = SwiftFlags;
			sourceTree = "<group>";
		};
		DC6193EB245471A200845FC7 /* Sources */ = {
			isa = PBXGroup;
			children = (
				DC6193EC245471B700845FC7 /* SwiftFlags.swift */,
			);
			path = Sources;
			sourceTree = "<group>";
		};
/* End PBXGroup section */

/* Begin PBXNativeTarget section */
		DC6193D32454717C00845FC7 /* SwiftFlags */ = {
			isa = PBXNativeTarget;
			buildConfigurationList = DC6193E82454718000845FC7 /* Build configuration list for PBXNativeTarget "SwiftFlags" */;
			buildPhases = (
				DC6193D02454717C00845FC7 /* Sources */,
				DC6193D12454717C00845FC7 /* Frameworks */,
				DC6193D22454717C00845FC7 /* Resources */,
			);
			buildRules = (
			);
			dependencies = (
			);
			name = SwiftFlags;
			productName = SwiftFlags;
			productReference = DC6193D42454717C00845FC7 /* SwiftFlags.app */;
			productType = "com.apple.product-type.application";
		};
/* End PBXNativeTarget section */

/* Begin PBXProject section */
		DC6193CC2454717C00845FC7 /* Project object */ = {
			isa = PBXProject;
			attributes = {
				LastSwiftUpdateCheck = 1140;
				LastUpgradeCheck = 1140;
				ORGANIZATIONNAME = BubiDevs;
				TargetAttributes = {
					DC6193D32454717C00845FC7 = {
						CreatedOnToolsVersion = 11.4.1;
					};
				};
			};
			buildConfigurationList = DC6193CF2454717C00845FC7 /* Build configuration list for PBXProject "SwiftFlags" */;
			compatibilityVersion = "Xcode 9.3";
			developmentRegion = en;
			hasScannedForEncodings = 0;
			knownRegions = (
				en,
				Base,
			);
			mainGroup = DC6193CB2454717C00845FC7;
			productRefGroup = DC6193D52454717C00845FC7 /* Products */;
			projectDirPath = "";
			projectRoot = "";
			targets = (
				DC6193D32454717C00845FC7 /* SwiftFlags */,
			);
		};
/* End PBXProject section */

/* Begin PBXResourcesBuildPhase section */
		DC6193D22454717C00845FC7 /* Resources */ = {
			isa = PBXResourcesBuildPhase;
			buildActionMask = 2147483647;
			files = (
				DC6193E42454718000845FC7 /* LaunchScreen.storyboard in Resources */,
				DC6193E12454718000845FC7 /* Assets.xcassets in Resources */,
				DC6193DF2454717C00845FC7 /* Main.storyboard in Resources */,
			);
			runOnlyForDeploymentPostprocessing = 0;
		};
/* End PBXResourcesBuildPhase section */

/* Begin PBXSourcesBuildPhase section */
		DC6193D02454717C00845FC7 /* Sources */ = {
			isa = PBXSourcesBuildPhase;
			buildActionMask = 2147483647;
			files = (
				DC6193DC2454717C00845FC7 /* FlagsViewController.swift in Sources */,
				DC6193ED245471B700845FC7 /* SwiftFlags.swift in Sources */,
				DC6193D82454717C00845FC7 /* AppDelegate.swift in Sources */,
				DC6193DA2454717C00845FC7 /* SceneDelegate.swift in Sources */,
			);
			runOnlyForDeploymentPostprocessing = 0;
		};
/* End PBXSourcesBuildPhase section */

/* Begin PBXVariantGroup section */
		DC6193DD2454717C00845FC7 /* Main.storyboard */ = {
			isa = PBXVariantGroup;
			children = (
				DC6193DE2454717C00845FC7 /* Base */,
			);
			name = Main.storyboard;
			sourceTree = "<group>";
		};
		DC6193E22454718000845FC7 /* LaunchScreen.storyboard */ = {
			isa = PBXVariantGroup;
			children = (
				DC6193E32454718000845FC7 /* Base */,
			);
			name = LaunchScreen.storyboard;
			sourceTree = "<group>";
		};
/* End PBXVariantGroup section */

/* Begin XCBuildConfiguration section */
		DC6193E62454718000845FC7 /* Debug */ = {
			isa = XCBuildConfiguration;
			buildSettings = {
				ALWAYS_SEARCH_USER_PATHS = NO;
				CLANG_ANALYZER_NONNULL = YES;
				CLANG_ANALYZER_NUMBER_OBJECT_CONVERSION = YES_AGGRESSIVE;
				CLANG_CXX_LANGUAGE_STANDARD = "gnu++14";
				CLANG_CXX_LIBRARY = "libc++";
				CLANG_ENABLE_MODULES = YES;
				CLANG_ENABLE_OBJC_ARC = YES;
				CLANG_ENABLE_OBJC_WEAK = YES;
				CLANG_WARN_BLOCK_CAPTURE_AUTORELEASING = YES;
				CLANG_WARN_BOOL_CONVERSION = YES;
				CLANG_WARN_COMMA = YES;
				CLANG_WARN_CONSTANT_CONVERSION = YES;
				CLANG_WARN_DEPRECATED_OBJC_IMPLEMENTATIONS = YES;
				CLANG_WARN_DIRECT_OBJC_ISA_USAGE = YES_ERROR;
				CLANG_WARN_DOCUMENTATION_COMMENTS = YES;
				CLANG_WARN_EMPTY_BODY = YES;
				CLANG_WARN_ENUM_CONVERSION = YES;
				CLANG_WARN_INFINITE_RECURSION = YES;
				CLANG_WARN_INT_CONVERSION = YES;
				CLANG_WARN_NON_LITERAL_NULL_CONVERSION = YES;
				CLANG_WARN_OBJC_IMPLICIT_RETAIN_SELF = YES;
				CLANG_WARN_OBJC_LITERAL_CONVERSION = YES;
				CLANG_WARN_OBJC_ROOT_CLASS = YES_ERROR;
				CLANG_WARN_RANGE_LOOP_ANALYSIS = YES;
				CLANG_WARN_STRICT_PROTOTYPES = YES;
				CLANG_WARN_SUSPICIOUS_MOVE = YES;
				CLANG_WARN_UNGUARDED_AVAILABILITY = YES_AGGRESSIVE;
				CLANG_WARN_UNREACHABLE_CODE = YES;
				CLANG_WARN__DUPLICATE_METHOD_MATCH = YES;
				COPY_PHASE_STRIP = NO;
				DEBUG_INFORMATION_FORMAT = dwarf;
				ENABLE_STRICT_OBJC_MSGSEND = YES;
				ENABLE_TESTABILITY = YES;
				GCC_C_LANGUAGE_STANDARD = gnu11;
				GCC_DYNAMIC_NO_PIC = NO;
				GCC_NO_COMMON_BLOCKS = YES;
				GCC_OPTIMIZATION_LEVEL = 0;
				GCC_PREPROCESSOR_DEFINITIONS = (
					"DEBUG=1",
					"$(inherited)",
				);
				GCC_WARN_64_TO_32_BIT_CONVERSION = YES;
				GCC_WARN_ABOUT_RETURN_TYPE = YES_ERROR;
				GCC_WARN_UNDECLARED_SELECTOR = YES;
				GCC_WARN_UNINITIALIZED_AUTOS = YES_AGGRESSIVE;
				GCC_WARN_UNUSED_FUNCTION = YES;
				GCC_WARN_UNUSED_VARIABLE = YES;
				IPHONEOS_DEPLOYMENT_TARGET = 13.0;
				MTL_ENABLE_DEBUG_INFO = INCLUDE_SOURCE;
				MTL_FAST_MATH = YES;
				ONLY_ACTIVE_ARCH = YES;
				SDKROOT = iphoneos;
				SWIFT_ACTIVE_COMPILATION_CONDITIONS = DEBUG;
				SWIFT_OPTIMIZATION_LEVEL = "-Onone";
			};
			name = Debug;
		};
		DC6193E72454718000845FC7 /* Release */ = {
			isa = XCBuildConfiguration;
			buildSettings = {
				ALWAYS_SEARCH_USER_PATHS = NO;
				CLANG_ANALYZER_NONNULL = YES;
				CLANG_ANALYZER_NUMBER_OBJECT_CONVERSION = YES_AGGRESSIVE;
				CLANG_CXX_LANGUAGE_STANDARD = "gnu++14";
				CLANG_CXX_LIBRARY = "libc++";
				CLANG_ENABLE_MODULES = YES;
				CLANG_ENABLE_OBJC_ARC = YES;
				CLANG_ENABLE_OBJC_WEAK = YES;
				CLANG_WARN_BLOCK_CAPTURE_AUTORELEASING = YES;
				CLANG_WARN_BOOL_CONVERSION = YES;
				CLANG_WARN_COMMA = YES;
				CLANG_WARN_CONSTANT_CONVERSION = YES;
				CLANG_WARN_DEPRECATED_OBJC_IMPLEMENTATIONS = YES;
				CLANG_WARN_DIRECT_OBJC_ISA_USAGE = YES_ERROR;
				CLANG_WARN_DOCUMENTATION_COMMENTS = YES;
				CLANG_WARN_EMPTY_BODY = YES;
				CLANG_WARN_ENUM_CONVERSION = YES;
				CLANG_WARN_INFINITE_RECURSION = YES;
				CLANG_WARN_INT_CONVERSION = YES;
				CLANG_WARN_NON_LITERAL_NULL_CONVERSION = YES;
				CLANG_WARN_OBJC_IMPLICIT_RETAIN_SELF = YES;
				CLANG_WARN_OBJC_LITERAL_CONVERSION = YES;
				CLANG_WARN_OBJC_ROOT_CLASS = YES_ERROR;
				CLANG_WARN_RANGE_LOOP_ANALYSIS = YES;
				CLANG_WARN_STRICT_PROTOTYPES = YES;
				CLANG_WARN_SUSPICIOUS_MOVE = YES;
				CLANG_WARN_UNGUARDED_AVAILABILITY = YES_AGGRESSIVE;
				CLANG_WARN_UNREACHABLE_CODE = YES;
				CLANG_WARN__DUPLICATE_METHOD_MATCH = YES;
				COPY_PHASE_STRIP = NO;
				DEBUG_INFORMATION_FORMAT = "dwarf-with-dsym";
				ENABLE_NS_ASSERTIONS = NO;
				ENABLE_STRICT_OBJC_MSGSEND = YES;
				GCC_C_LANGUAGE_STANDARD = gnu11;
				GCC_NO_COMMON_BLOCKS = YES;
				GCC_WARN_64_TO_32_BIT_CONVERSION = YES;
				GCC_WARN_ABOUT_RETURN_TYPE = YES_ERROR;
				GCC_WARN_UNDECLARED_SELECTOR = YES;
				GCC_WARN_UNINITIALIZED_AUTOS = YES_AGGRESSIVE;
				GCC_WARN_UNUSED_FUNCTION = YES;
				GCC_WARN_UNUSED_VARIABLE = YES;
				IPHONEOS_DEPLOYMENT_TARGET = 13.0;
				MTL_ENABLE_DEBUG_INFO = NO;
				MTL_FAST_MATH = YES;
				SDKROOT = iphoneos;
				SWIFT_COMPILATION_MODE = wholemodule;
				SWIFT_OPTIMIZATION_LEVEL = "-O";
				VALIDATE_PRODUCT = YES;
			};
			name = Release;
		};
		DC6193E92454718000845FC7 /* Debug */ = {
			isa = XCBuildConfiguration;
			buildSettings = {
				ASSETCATALOG_COMPILER_APPICON_NAME = AppIcon;
				CODE_SIGN_STYLE = Automatic;
				DEVELOPMENT_TEAM = E27HBR7TL2;
				INFOPLIST_FILE = SwiftFlags/Info.plist;
				IPHONEOS_DEPLOYMENT_TARGET = 13.0;
				LD_RUNPATH_SEARCH_PATHS = (
					"$(inherited)",
					"@executable_path/Frameworks",
				);
				PRODUCT_BUNDLE_IDENTIFIER = net.bubidevs.SwiftFlags;
				PRODUCT_NAME = "$(TARGET_NAME)";
				SWIFT_VERSION = 5.0;
				TARGETED_DEVICE_FAMILY = "1,2";
			};
			name = Debug;
		};
		DC6193EA2454718000845FC7 /* Release */ = {
			isa = XCBuildConfiguration;
			buildSettings = {
				ASSETCATALOG_COMPILER_APPICON_NAME = AppIcon;
				CODE_SIGN_STYLE = Automatic;
				DEVELOPMENT_TEAM = E27HBR7TL2;
				INFOPLIST_FILE = SwiftFlags/Info.plist;
				IPHONEOS_DEPLOYMENT_TARGET = 13.0;
				LD_RUNPATH_SEARCH_PATHS = (
					"$(inherited)",
					"@executable_path/Frameworks",
				);
				PRODUCT_BUNDLE_IDENTIFIER = net.bubidevs.SwiftFlags;
				PRODUCT_NAME = "$(TARGET_NAME)";
				SWIFT_VERSION = 5.0;
				TARGETED_DEVICE_FAMILY = "1,2";
			};
			name = Release;
		};
/* End XCBuildConfiguration section */

/* Begin XCConfigurationList section */
		DC6193CF2454717C00845FC7 /* Build configuration list for PBXProject "SwiftFlags" */ = {
			isa = XCConfigurationList;
			buildConfigurations = (
				DC6193E62454718000845FC7 /* Debug */,
				DC6193E72454718000845FC7 /* Release */,
			);
			defaultConfigurationIsVisible = 0;
			defaultConfigurationName = Release;
		};
		DC6193E82454718000845FC7 /* Build configuration list for PBXNativeTarget "SwiftFlags" */ = {
			isa = XCConfigurationList;
			buildConfigurations = (
				DC6193E92454718000845FC7 /* Debug */,
				DC6193EA2454718000845FC7 /* Release */,
			);
			defaultConfigurationIsVisible = 0;
			defaultConfigurationName = Release;
		};
/* End XCConfigurationList section */
	};
	rootObject = DC6193CC2454717C00845FC7 /* Project object */;
}
